
Microsoft Visual Studio Solution File, Format Version 12.00
# Visual Studio Version 17
VisualStudioVersion = 17.7.34031.279
MinimumVisualStudioVersion = 10.0.40219.1
Project("{9A19103F-16F7-4668-BE54-9A1E7A4F7556}") = "Ej1-U9-DesarrolloInterfaces", "EjsU9-DesarrolloInterfaces\Ej1-U9-DesarrolloInterfaces.csproj", "{E7DA9955-1211-41C8-848B-4E48C2EDE1C7}"
EndProject
Project("{FAE04EC0-301F-11D3-BF4B-00C04F79EFBC}") = "Ej2-U9-DesarrolloInterfaces", "Ej2-U9-DesarrolloInterfaces\Ej2-U9-DesarrolloInterfaces.csproj", "{D9734CC5-DCA3-4DC9-A4C3-FF2FC11EE73A}"
EndProject
Global
	GlobalSection(SolutionConfigurationPlatforms) = preSolution
		Debug|Any CPU = Debug|Any CPU
		Release|Any CPU = Release|Any CPU
	EndGlobalSection
	GlobalSection(ProjectConfigurationPlatforms) = postSolution
		{E7DA9955-1211-41C8-848B-4E48C2EDE1C7}.Debug|Any CPU.ActiveCfg = Debug|Any CPU
		{E7DA9955-1211-41C8-848B-4E48C2EDE1C7}.Debug|Any CPU.Build.0 = Debug|Any CPU
		{E7DA9955-1211-41C8-848B-4E48C2EDE1C7}.Debug|Any CPU.Deploy.0 = Debug|Any CPU
		{E7DA9955-1211-41C8-848B-4E48C2EDE1C7}.Release|Any CPU.ActiveCfg = Release|Any CPU
		{E7DA9955-1211-41C8-848B-4E48C2EDE1C7}.Release|Any CPU.Build.0 = Release|Any CPU
		{E7DA9955-1211-41C8-848B-4E48C2EDE1C7}.Release|Any CPU.Deploy.0 = Release|Any CPU
		{D9734CC5-DCA3-4DC9-A4C3-FF2FC11EE73A}.Debug|Any CPU.ActiveCfg = Debug|Any CPU
		{D9734CC5-DCA3-4DC9-A4C3-FF2FC11EE73A}.Debug|Any CPU.Build.0 = Debug|Any CPU
		{D9734CC5-DCA3-4DC9-A4C3-FF2FC11EE73A}.Debug|Any CPU.Deploy.0 = Debug|Any CPU
		{D9734CC5-DCA3-4DC9-A4C3-FF2FC11EE73A}.Release|Any CPU.ActiveCfg = Release|Any CPU
		{D9734CC5-DCA3-4DC9-A4C3-FF2FC11EE73A}.Release|Any CPU.Build.0 = Release|Any CPU
		{D9734CC5-DCA3-4DC9-A4C3-FF2FC11EE73A}.Release|Any CPU.Deploy.0 = Release|Any CPU
	EndGlobalSection
	GlobalSection(SolutionProperties) = preSolution
		HideSolutionNode = FALSE
	EndGlobalSection
	GlobalSection(ExtensibilityGlobals) = postSolution
		SolutionGuid = {047F7329-7AEF-4DCE-B7AE-4C6881C1D280}
	EndGlobalSection
EndGlobal
